// !$*UTF8*$!
{
	archiveVersion = 1;
	classes = {
	};
	objectVersion = 56;
	objects = {

/* Begin PBXBuildFile section */
		57019C1D2C1AE504001987A9 /* BigTableViewCell.swift in Sources */ = {isa = PBXBuildFile; fileRef = 57019C1B2C1AE504001987A9 /* BigTableViewCell.swift */; };
		57019C1E2C1AE504001987A9 /* BigTableViewCell.xib in Resources */ = {isa = PBXBuildFile; fileRef = 57019C1C2C1AE504001987A9 /* BigTableViewCell.xib */; };
		57019C242C1C2E8F001987A9 /* HomeTableHeader.swift in Sources */ = {isa = PBXBuildFile; fileRef = 57019C232C1C2E8F001987A9 /* HomeTableHeader.swift */; };
		57019C262C2413B7001987A9 /* HomeTableFooter.swift in Sources */ = {isa = PBXBuildFile; fileRef = 57019C252C2413B7001987A9 /* HomeTableFooter.swift */; };
		57084E0B2C35B8C30033025F /* ProductDetailViewController.xib in Resources */ = {isa = PBXBuildFile; fileRef = 57084E0A2C35B8C30033025F /* ProductDetailViewController.xib */; };
		57084E0C2C35B8C30033025F /* ProductDetailViewController.swift in Sources */ = {isa = PBXBuildFile; fileRef = 57084E092C35B8C30033025F /* ProductDetailViewController.swift */; };
		57084E0E2C35CE400033025F /* Gradient.swift in Sources */ = {isa = PBXBuildFile; fileRef = 57084E0D2C35CE400033025F /* Gradient.swift */; };
		5774A5F32C241A840087C34D /* HomeTableFooter.xib in Resources */ = {isa = PBXBuildFile; fileRef = 5774A5F22C241A840087C34D /* HomeTableFooter.xib */; };
		5774A5F52C244AEF0087C34D /* TabBarController.swift in Sources */ = {isa = PBXBuildFile; fileRef = 5774A5F42C244AEE0087C34D /* TabBarController.swift */; };
		5774A5F82C255A6D0087C34D /* API_Caller.swift in Sources */ = {isa = PBXBuildFile; fileRef = 5774A5F72C255A6D0087C34D /* API_Caller.swift */; };
		5774A5FA2C255C090087C34D /* FakeStoreModel.swift in Sources */ = {isa = PBXBuildFile; fileRef = 5774A5F92C255C090087C34D /* FakeStoreModel.swift */; };
		5774A5FD2C25844B0087C34D /* SDWebImage in Frameworks */ = {isa = PBXBuildFile; productRef = 5774A5FC2C25844B0087C34D /* SDWebImage */; };
		5774A5FF2C25844B0087C34D /* SDWebImageMapKit in Frameworks */ = {isa = PBXBuildFile; productRef = 5774A5FE2C25844B0087C34D /* SDWebImageMapKit */; };
		5774A6062C294A130087C34D /* FiveStarRatingView.xib in Resources */ = {isa = PBXBuildFile; fileRef = 5774A6052C294A130087C34D /* FiveStarRatingView.xib */; };
		5774A6082C294B580087C34D /* FiveStarRatingView.swift in Sources */ = {isa = PBXBuildFile; fileRef = 5774A6072C294B580087C34D /* FiveStarRatingView.swift */; };
		5774A60B2C2956400087C34D /* SmallTableCell.swift in Sources */ = {isa = PBXBuildFile; fileRef = 5774A6092C2956400087C34D /* SmallTableCell.swift */; };
		5774A60C2C2956400087C34D /* SmallTableCell.xib in Resources */ = {isa = PBXBuildFile; fileRef = 5774A60A2C2956400087C34D /* SmallTableCell.xib */; };
		5774A60E2C2973EA0087C34D /* SmallTableCellView.xib in Resources */ = {isa = PBXBuildFile; fileRef = 5774A60D2C2973EA0087C34D /* SmallTableCellView.xib */; };
		5774A6102C2974A70087C34D /* SmallTableCellView.swift in Sources */ = {isa = PBXBuildFile; fileRef = 5774A60F2C2974A70087C34D /* SmallTableCellView.swift */; };
		5774A6132C2ADAB40087C34D /* DiscoverViewModel.swift in Sources */ = {isa = PBXBuildFile; fileRef = 5774A6122C2ADAB30087C34D /* DiscoverViewModel.swift */; };
		5774A6152C2AE92E0087C34D /* HomeViewModel.swift in Sources */ = {isa = PBXBuildFile; fileRef = 5774A6142C2AE92E0087C34D /* HomeViewModel.swift */; };
		5774A6182C2AFA3B0087C34D /* JGProgressHUD in Frameworks */ = {isa = PBXBuildFile; productRef = 5774A6172C2AFA3B0087C34D /* JGProgressHUD */; };
		5774A61B2C2C00A90087C34D /* Extensions.swift in Sources */ = {isa = PBXBuildFile; fileRef = 5774A61A2C2C00A90087C34D /* Extensions.swift */; };
		5774A61E2C2C00F00087C34D /* Constants.swift in Sources */ = {isa = PBXBuildFile; fileRef = 5774A61D2C2C00F00087C34D /* Constants.swift */; };
		5774A6202C2C1F4D0087C34D /* DiscoverTableHeader.xib in Resources */ = {isa = PBXBuildFile; fileRef = 5774A61F2C2C1F4C0087C34D /* DiscoverTableHeader.xib */; };
		5774A6222C2C20490087C34D /* DiscoverTableHeader.swift in Sources */ = {isa = PBXBuildFile; fileRef = 5774A6212C2C20490087C34D /* DiscoverTableHeader.swift */; };
		5774A6292C2C2B440087C34D /* DiscoverTableHeaderCell.swift in Sources */ = {isa = PBXBuildFile; fileRef = 5774A6272C2C2B440087C34D /* DiscoverTableHeaderCell.swift */; };
		5774A62A2C2C2B440087C34D /* DiscoverTableHeaderCell.xib in Resources */ = {isa = PBXBuildFile; fileRef = 5774A6282C2C2B440087C34D /* DiscoverTableHeaderCell.xib */; };
		5774A62D2C2D6B3F0087C34D /* DiscoverTableHeaderSmallCell.swift in Sources */ = {isa = PBXBuildFile; fileRef = 5774A62B2C2D6B3F0087C34D /* DiscoverTableHeaderSmallCell.swift */; };
		5774A62E2C2D6B3F0087C34D /* DiscoverTableHeaderSmallCell.xib in Resources */ = {isa = PBXBuildFile; fileRef = 5774A62C2C2D6B3F0087C34D /* DiscoverTableHeaderSmallCell.xib */; };
		5774A6302C2E986B0087C34D /* FillerViewForHiddenCollection.xib in Resources */ = {isa = PBXBuildFile; fileRef = 5774A62F2C2E986A0087C34D /* FillerViewForHiddenCollection.xib */; };
		5774A6322C2E9AFB0087C34D /* FillerViewForHiddenCollection.swift in Sources */ = {isa = PBXBuildFile; fileRef = 5774A6312C2E9AFB0087C34D /* FillerViewForHiddenCollection.swift */; };
		5774A6372C2ECB640087C34D /* ResultsViewController.swift in Sources */ = {isa = PBXBuildFile; fileRef = 5774A6352C2ECB640087C34D /* ResultsViewController.swift */; };
		5774A6382C2ECB640087C34D /* ResultsViewController.xib in Resources */ = {isa = PBXBuildFile; fileRef = 5774A6362C2ECB640087C34D /* ResultsViewController.xib */; };
		5774A63A2C32980C0087C34D /* InterestsViewModel.swift in Sources */ = {isa = PBXBuildFile; fileRef = 5774A6392C32980C0087C34D /* InterestsViewModel.swift */; };
		5774A6412C32C6050087C34D /* Interest+CoreDataClass.swift in Sources */ = {isa = PBXBuildFile; fileRef = 5774A63F2C32C6050087C34D /* Interest+CoreDataClass.swift */; };
		5774A6422C32C6050087C34D /* Interest+CoreDataProperties.swift in Sources */ = {isa = PBXBuildFile; fileRef = 5774A6402C32C6050087C34D /* Interest+CoreDataProperties.swift */; };
		5791B3152C3B0C3300D7BEAD /* ProfileTableHeader.swift in Sources */ = {isa = PBXBuildFile; fileRef = 5791B3142C3B0C3300D7BEAD /* ProfileTableHeader.swift */; };
		5791B3172C3B0C4900D7BEAD /* ProfileTableHeader.xib in Resources */ = {isa = PBXBuildFile; fileRef = 5791B3162C3B0C4900D7BEAD /* ProfileTableHeader.xib */; };
		5791B31D2C3BCCE300D7BEAD /* CustomTabBar.swift in Sources */ = {isa = PBXBuildFile; fileRef = 5791B31C2C3BCCE200D7BEAD /* CustomTabBar.swift */; };
		5791B3202C3BE33F00D7BEAD /* PlaceBidController.xib in Resources */ = {isa = PBXBuildFile; fileRef = 5791B31F2C3BE33F00D7BEAD /* PlaceBidController.xib */; };
		5791B3212C3BE33F00D7BEAD /* PlaceBidController.swift in Sources */ = {isa = PBXBuildFile; fileRef = 5791B31E2C3BE33F00D7BEAD /* PlaceBidController.swift */; };
		5791B3232C3C18C000D7BEAD /* HomeTableHeaderType2.swift in Sources */ = {isa = PBXBuildFile; fileRef = 5791B3222C3C18C000D7BEAD /* HomeTableHeaderType2.swift */; };
		5791B3252C3C18DC00D7BEAD /* HomeTableHeaderType2.xib in Resources */ = {isa = PBXBuildFile; fileRef = 5791B3242C3C18DC00D7BEAD /* HomeTableHeaderType2.xib */; };
		5791B3272C3C192100D7BEAD /* HomeTableHeaderType3.swift in Sources */ = {isa = PBXBuildFile; fileRef = 5791B3262C3C192100D7BEAD /* HomeTableHeaderType3.swift */; };
		5791B3292C3C194000D7BEAD /* HomeTableHeaderType3.xib in Resources */ = {isa = PBXBuildFile; fileRef = 5791B3282C3C194000D7BEAD /* HomeTableHeaderType3.xib */; };
		57B0EA9D2C19B733008811BC /* AppDelegate.swift in Sources */ = {isa = PBXBuildFile; fileRef = 57B0EA9C2C19B733008811BC /* AppDelegate.swift */; };
		57B0EA9F2C19B733008811BC /* SceneDelegate.swift in Sources */ = {isa = PBXBuildFile; fileRef = 57B0EA9E2C19B733008811BC /* SceneDelegate.swift */; };
		57B0EAA42C19B733008811BC /* Base in Resources */ = {isa = PBXBuildFile; fileRef = 57B0EAA32C19B733008811BC /* Base */; };
		57B0EAA72C19B733008811BC /* AuctionMania.xcdatamodeld in Sources */ = {isa = PBXBuildFile; fileRef = 57B0EAA52C19B733008811BC /* AuctionMania.xcdatamodeld */; };
		57B0EAA92C19B736008811BC /* Assets.xcassets in Resources */ = {isa = PBXBuildFile; fileRef = 57B0EAA82C19B736008811BC /* Assets.xcassets */; };
		57B0EAAC2C19B736008811BC /* Base in Resources */ = {isa = PBXBuildFile; fileRef = 57B0EAAB2C19B736008811BC /* Base */; };
		57B0EAB72C19B737008811BC /* AuctionManiaTests.swift in Sources */ = {isa = PBXBuildFile; fileRef = 57B0EAB62C19B737008811BC /* AuctionManiaTests.swift */; };
		57B0EAC12C19B737008811BC /* AuctionManiaUITests.swift in Sources */ = {isa = PBXBuildFile; fileRef = 57B0EAC02C19B737008811BC /* AuctionManiaUITests.swift */; };
		57B0EAC32C19B737008811BC /* AuctionManiaUITestsLaunchTests.swift in Sources */ = {isa = PBXBuildFile; fileRef = 57B0EAC22C19B737008811BC /* AuctionManiaUITestsLaunchTests.swift */; };
		57B0EAD52C19BC81008811BC /* HomeViewController.swift in Sources */ = {isa = PBXBuildFile; fileRef = 57B0EAD42C19BC81008811BC /* HomeViewController.swift */; };
		57B0EAD72C19BE0F008811BC /* DiscoverViewController.swift in Sources */ = {isa = PBXBuildFile; fileRef = 57B0EAD62C19BE0F008811BC /* DiscoverViewController.swift */; };
		57B0EAD92C19BE3E008811BC /* InterestsViewController.swift in Sources */ = {isa = PBXBuildFile; fileRef = 57B0EAD82C19BE3E008811BC /* InterestsViewController.swift */; };
		57B0EADB2C19BE5D008811BC /* ProfileViewController.swift in Sources */ = {isa = PBXBuildFile; fileRef = 57B0EADA2C19BE5D008811BC /* ProfileViewController.swift */; };
		57B283632C37DC4C0001D492 /* ProductDetailViewModel.swift in Sources */ = {isa = PBXBuildFile; fileRef = 57B283622C37DC4C0001D492 /* ProductDetailViewModel.swift */; };
		57B283652C382C590001D492 /* NoResultView.swift in Sources */ = {isa = PBXBuildFile; fileRef = 57B283642C382C580001D492 /* NoResultView.swift */; };
		CE3FD75B2C367ACE00FA482D /* CircleProgressBar.swift in Sources */ = {isa = PBXBuildFile; fileRef = CE3FD75A2C367ACE00FA482D /* CircleProgressBar.swift */; };
/* End PBXBuildFile section */

/* Begin PBXContainerItemProxy section */
		57B0EAB32C19B737008811BC /* PBXContainerItemProxy */ = {
			isa = PBXContainerItemProxy;
			containerPortal = 57B0EA912C19B733008811BC /* Project object */;
			proxyType = 1;
			remoteGlobalIDString = 57B0EA982C19B733008811BC;
			remoteInfo = AuctionMania;
		};
		57B0EABD2C19B737008811BC /* PBXContainerItemProxy */ = {
			isa = PBXContainerItemProxy;
			containerPortal = 57B0EA912C19B733008811BC /* Project object */;
			proxyType = 1;
			remoteGlobalIDString = 57B0EA982C19B733008811BC;
			remoteInfo = AuctionMania;
		};
/* End PBXContainerItemProxy section */

/* Begin PBXFileReference section */
		57019C1B2C1AE504001987A9 /* BigTableViewCell.swift */ = {isa = PBXFileReference; lastKnownFileType = sourcecode.swift; path = BigTableViewCell.swift; sourceTree = "<group>"; };
		57019C1C2C1AE504001987A9 /* BigTableViewCell.xib */ = {isa = PBXFileReference; lastKnownFileType = file.xib; path = BigTableViewCell.xib; sourceTree = "<group>"; };
		57019C232C1C2E8F001987A9 /* HomeTableHeader.swift */ = {isa = PBXFileReference; lastKnownFileType = sourcecode.swift; path = HomeTableHeader.swift; sourceTree = "<group>"; };
		57019C252C2413B7001987A9 /* HomeTableFooter.swift */ = {isa = PBXFileReference; lastKnownFileType = sourcecode.swift; path = HomeTableFooter.swift; sourceTree = "<group>"; };
		57084E092C35B8C30033025F /* ProductDetailViewController.swift */ = {isa = PBXFileReference; lastKnownFileType = sourcecode.swift; path = ProductDetailViewController.swift; sourceTree = "<group>"; };
		57084E0A2C35B8C30033025F /* ProductDetailViewController.xib */ = {isa = PBXFileReference; lastKnownFileType = file.xib; path = ProductDetailViewController.xib; sourceTree = "<group>"; };
		57084E0D2C35CE400033025F /* Gradient.swift */ = {isa = PBXFileReference; lastKnownFileType = sourcecode.swift; path = Gradient.swift; sourceTree = "<group>"; };
		5774A5F22C241A840087C34D /* HomeTableFooter.xib */ = {isa = PBXFileReference; lastKnownFileType = file.xib; path = HomeTableFooter.xib; sourceTree = "<group>"; };
		5774A5F42C244AEE0087C34D /* TabBarController.swift */ = {isa = PBXFileReference; lastKnownFileType = sourcecode.swift; path = TabBarController.swift; sourceTree = "<group>"; };
		5774A5F72C255A6D0087C34D /* API_Caller.swift */ = {isa = PBXFileReference; lastKnownFileType = sourcecode.swift; path = API_Caller.swift; sourceTree = "<group>"; };
		5774A5F92C255C090087C34D /* FakeStoreModel.swift */ = {isa = PBXFileReference; lastKnownFileType = sourcecode.swift; path = FakeStoreModel.swift; sourceTree = "<group>"; };
		5774A6052C294A130087C34D /* FiveStarRatingView.xib */ = {isa = PBXFileReference; lastKnownFileType = file.xib; path = FiveStarRatingView.xib; sourceTree = "<group>"; };
		5774A6072C294B580087C34D /* FiveStarRatingView.swift */ = {isa = PBXFileReference; lastKnownFileType = sourcecode.swift; path = FiveStarRatingView.swift; sourceTree = "<group>"; };
		5774A6092C2956400087C34D /* SmallTableCell.swift */ = {isa = PBXFileReference; lastKnownFileType = sourcecode.swift; path = SmallTableCell.swift; sourceTree = "<group>"; };
		5774A60A2C2956400087C34D /* SmallTableCell.xib */ = {isa = PBXFileReference; lastKnownFileType = file.xib; path = SmallTableCell.xib; sourceTree = "<group>"; };
		5774A60D2C2973EA0087C34D /* SmallTableCellView.xib */ = {isa = PBXFileReference; lastKnownFileType = file.xib; path = SmallTableCellView.xib; sourceTree = "<group>"; };
		5774A60F2C2974A70087C34D /* SmallTableCellView.swift */ = {isa = PBXFileReference; lastKnownFileType = sourcecode.swift; path = SmallTableCellView.swift; sourceTree = "<group>"; };
		5774A6122C2ADAB30087C34D /* DiscoverViewModel.swift */ = {isa = PBXFileReference; lastKnownFileType = sourcecode.swift; path = DiscoverViewModel.swift; sourceTree = "<group>"; };
		5774A6142C2AE92E0087C34D /* HomeViewModel.swift */ = {isa = PBXFileReference; lastKnownFileType = sourcecode.swift; path = HomeViewModel.swift; sourceTree = "<group>"; };
		5774A61A2C2C00A90087C34D /* Extensions.swift */ = {isa = PBXFileReference; lastKnownFileType = sourcecode.swift; path = Extensions.swift; sourceTree = "<group>"; };
		5774A61D2C2C00F00087C34D /* Constants.swift */ = {isa = PBXFileReference; lastKnownFileType = sourcecode.swift; path = Constants.swift; sourceTree = "<group>"; };
		5774A61F2C2C1F4C0087C34D /* DiscoverTableHeader.xib */ = {isa = PBXFileReference; lastKnownFileType = file.xib; path = DiscoverTableHeader.xib; sourceTree = "<group>"; };
		5774A6212C2C20490087C34D /* DiscoverTableHeader.swift */ = {isa = PBXFileReference; lastKnownFileType = sourcecode.swift; path = DiscoverTableHeader.swift; sourceTree = "<group>"; };
		5774A6272C2C2B440087C34D /* DiscoverTableHeaderCell.swift */ = {isa = PBXFileReference; lastKnownFileType = sourcecode.swift; path = DiscoverTableHeaderCell.swift; sourceTree = "<group>"; };
		5774A6282C2C2B440087C34D /* DiscoverTableHeaderCell.xib */ = {isa = PBXFileReference; lastKnownFileType = file.xib; path = DiscoverTableHeaderCell.xib; sourceTree = "<group>"; };
		5774A62B2C2D6B3F0087C34D /* DiscoverTableHeaderSmallCell.swift */ = {isa = PBXFileReference; lastKnownFileType = sourcecode.swift; path = DiscoverTableHeaderSmallCell.swift; sourceTree = "<group>"; };
		5774A62C2C2D6B3F0087C34D /* DiscoverTableHeaderSmallCell.xib */ = {isa = PBXFileReference; lastKnownFileType = file.xib; path = DiscoverTableHeaderSmallCell.xib; sourceTree = "<group>"; };
		5774A62F2C2E986A0087C34D /* FillerViewForHiddenCollection.xib */ = {isa = PBXFileReference; lastKnownFileType = file.xib; path = FillerViewForHiddenCollection.xib; sourceTree = "<group>"; };
		5774A6312C2E9AFB0087C34D /* FillerViewForHiddenCollection.swift */ = {isa = PBXFileReference; lastKnownFileType = sourcecode.swift; path = FillerViewForHiddenCollection.swift; sourceTree = "<group>"; };
		5774A6352C2ECB640087C34D /* ResultsViewController.swift */ = {isa = PBXFileReference; lastKnownFileType = sourcecode.swift; path = ResultsViewController.swift; sourceTree = "<group>"; };
		5774A6362C2ECB640087C34D /* ResultsViewController.xib */ = {isa = PBXFileReference; lastKnownFileType = file.xib; path = ResultsViewController.xib; sourceTree = "<group>"; };
		5774A6392C32980C0087C34D /* InterestsViewModel.swift */ = {isa = PBXFileReference; lastKnownFileType = sourcecode.swift; path = InterestsViewModel.swift; sourceTree = "<group>"; };
		5774A63F2C32C6050087C34D /* Interest+CoreDataClass.swift */ = {isa = PBXFileReference; lastKnownFileType = sourcecode.swift; path = "Interest+CoreDataClass.swift"; sourceTree = "<group>"; };
		5774A6402C32C6050087C34D /* Interest+CoreDataProperties.swift */ = {isa = PBXFileReference; lastKnownFileType = sourcecode.swift; path = "Interest+CoreDataProperties.swift"; sourceTree = "<group>"; };
		5791B3142C3B0C3300D7BEAD /* ProfileTableHeader.swift */ = {isa = PBXFileReference; lastKnownFileType = sourcecode.swift; path = ProfileTableHeader.swift; sourceTree = "<group>"; };
		5791B3162C3B0C4900D7BEAD /* ProfileTableHeader.xib */ = {isa = PBXFileReference; lastKnownFileType = file.xib; path = ProfileTableHeader.xib; sourceTree = "<group>"; };
		5791B31C2C3BCCE200D7BEAD /* CustomTabBar.swift */ = {isa = PBXFileReference; lastKnownFileType = sourcecode.swift; path = CustomTabBar.swift; sourceTree = "<group>"; };
		5791B31E2C3BE33F00D7BEAD /* PlaceBidController.swift */ = {isa = PBXFileReference; lastKnownFileType = sourcecode.swift; path = PlaceBidController.swift; sourceTree = "<group>"; };
		5791B31F2C3BE33F00D7BEAD /* PlaceBidController.xib */ = {isa = PBXFileReference; lastKnownFileType = file.xib; path = PlaceBidController.xib; sourceTree = "<group>"; };
		5791B3222C3C18C000D7BEAD /* HomeTableHeaderType2.swift */ = {isa = PBXFileReference; lastKnownFileType = sourcecode.swift; path = HomeTableHeaderType2.swift; sourceTree = "<group>"; };
		5791B3242C3C18DC00D7BEAD /* HomeTableHeaderType2.xib */ = {isa = PBXFileReference; lastKnownFileType = file.xib; path = HomeTableHeaderType2.xib; sourceTree = "<group>"; };
		5791B3262C3C192100D7BEAD /* HomeTableHeaderType3.swift */ = {isa = PBXFileReference; lastKnownFileType = sourcecode.swift; path = HomeTableHeaderType3.swift; sourceTree = "<group>"; };
		5791B3282C3C194000D7BEAD /* HomeTableHeaderType3.xib */ = {isa = PBXFileReference; lastKnownFileType = file.xib; path = HomeTableHeaderType3.xib; sourceTree = "<group>"; };
		57B0EA992C19B733008811BC /* AuctionMania.app */ = {isa = PBXFileReference; explicitFileType = wrapper.application; includeInIndex = 0; path = AuctionMania.app; sourceTree = BUILT_PRODUCTS_DIR; };
		57B0EA9C2C19B733008811BC /* AppDelegate.swift */ = {isa = PBXFileReference; lastKnownFileType = sourcecode.swift; path = AppDelegate.swift; sourceTree = "<group>"; };
		57B0EA9E2C19B733008811BC /* SceneDelegate.swift */ = {isa = PBXFileReference; lastKnownFileType = sourcecode.swift; path = SceneDelegate.swift; sourceTree = "<group>"; };
		57B0EAA32C19B733008811BC /* Base */ = {isa = PBXFileReference; lastKnownFileType = file.storyboard; name = Base; path = Base.lproj/Main.storyboard; sourceTree = "<group>"; };
		57B0EAA62C19B733008811BC /* AuctionMania.xcdatamodel */ = {isa = PBXFileReference; lastKnownFileType = wrapper.xcdatamodel; path = AuctionMania.xcdatamodel; sourceTree = "<group>"; };
		57B0EAA82C19B736008811BC /* Assets.xcassets */ = {isa = PBXFileReference; lastKnownFileType = folder.assetcatalog; path = Assets.xcassets; sourceTree = "<group>"; };
		57B0EAAB2C19B736008811BC /* Base */ = {isa = PBXFileReference; lastKnownFileType = file.storyboard; name = Base; path = Base.lproj/LaunchScreen.storyboard; sourceTree = "<group>"; };
		57B0EAAD2C19B736008811BC /* Info.plist */ = {isa = PBXFileReference; lastKnownFileType = text.plist.xml; path = Info.plist; sourceTree = "<group>"; };
		57B0EAB22C19B737008811BC /* AuctionManiaTests.xctest */ = {isa = PBXFileReference; explicitFileType = wrapper.cfbundle; includeInIndex = 0; path = AuctionManiaTests.xctest; sourceTree = BUILT_PRODUCTS_DIR; };
		57B0EAB62C19B737008811BC /* AuctionManiaTests.swift */ = {isa = PBXFileReference; lastKnownFileType = sourcecode.swift; path = AuctionManiaTests.swift; sourceTree = "<group>"; };
		57B0EABC2C19B737008811BC /* AuctionManiaUITests.xctest */ = {isa = PBXFileReference; explicitFileType = wrapper.cfbundle; includeInIndex = 0; path = AuctionManiaUITests.xctest; sourceTree = BUILT_PRODUCTS_DIR; };
		57B0EAC02C19B737008811BC /* AuctionManiaUITests.swift */ = {isa = PBXFileReference; lastKnownFileType = sourcecode.swift; path = AuctionManiaUITests.swift; sourceTree = "<group>"; };
		57B0EAC22C19B737008811BC /* AuctionManiaUITestsLaunchTests.swift */ = {isa = PBXFileReference; lastKnownFileType = sourcecode.swift; path = AuctionManiaUITestsLaunchTests.swift; sourceTree = "<group>"; };
		57B0EAD42C19BC81008811BC /* HomeViewController.swift */ = {isa = PBXFileReference; lastKnownFileType = sourcecode.swift; path = HomeViewController.swift; sourceTree = "<group>"; };
		57B0EAD62C19BE0F008811BC /* DiscoverViewController.swift */ = {isa = PBXFileReference; lastKnownFileType = sourcecode.swift; path = DiscoverViewController.swift; sourceTree = "<group>"; };
		57B0EAD82C19BE3E008811BC /* InterestsViewController.swift */ = {isa = PBXFileReference; lastKnownFileType = sourcecode.swift; path = InterestsViewController.swift; sourceTree = "<group>"; };
		57B0EADA2C19BE5D008811BC /* ProfileViewController.swift */ = {isa = PBXFileReference; lastKnownFileType = sourcecode.swift; path = ProfileViewController.swift; sourceTree = "<group>"; };
		57B283622C37DC4C0001D492 /* ProductDetailViewModel.swift */ = {isa = PBXFileReference; lastKnownFileType = sourcecode.swift; path = ProductDetailViewModel.swift; sourceTree = "<group>"; };
		57B283642C382C580001D492 /* NoResultView.swift */ = {isa = PBXFileReference; lastKnownFileType = sourcecode.swift; path = NoResultView.swift; sourceTree = "<group>"; };
		CE3FD75A2C367ACE00FA482D /* CircleProgressBar.swift */ = {isa = PBXFileReference; lastKnownFileType = sourcecode.swift; path = CircleProgressBar.swift; sourceTree = "<group>"; };
/* End PBXFileReference section */

/* Begin PBXFrameworksBuildPhase section */
		57B0EA962C19B733008811BC /* Frameworks */ = {
			isa = PBXFrameworksBuildPhase;
			buildActionMask = 2147483647;
			files = (
				5774A5FF2C25844B0087C34D /* SDWebImageMapKit in Frameworks */,
				5774A6182C2AFA3B0087C34D /* JGProgressHUD in Frameworks */,
				5774A5FD2C25844B0087C34D /* SDWebImage in Frameworks */,
			);
			runOnlyForDeploymentPostprocessing = 0;
		};
		57B0EAAF2C19B737008811BC /* Frameworks */ = {
			isa = PBXFrameworksBuildPhase;
			buildActionMask = 2147483647;
			files = (
			);
			runOnlyForDeploymentPostprocessing = 0;
		};
		57B0EAB92C19B737008811BC /* Frameworks */ = {
			isa = PBXFrameworksBuildPhase;
			buildActionMask = 2147483647;
			files = (
			);
			runOnlyForDeploymentPostprocessing = 0;
		};
/* End PBXFrameworksBuildPhase section */

/* Begin PBXGroup section */
		5774A5F62C255A540087C34D /* Managers */ = {
			isa = PBXGroup;
			children = (
				5774A5F72C255A6D0087C34D /* API_Caller.swift */,
			);
			path = Managers;
			sourceTree = "<group>";
		};
		5774A6042C2949C30087C34D /* General */ = {
			isa = PBXGroup;
			children = (
				57084E092C35B8C30033025F /* ProductDetailViewController.swift */,
				57084E0A2C35B8C30033025F /* ProductDetailViewController.xib */,
				5791B31E2C3BE33F00D7BEAD /* PlaceBidController.swift */,
				5791B31F2C3BE33F00D7BEAD /* PlaceBidController.xib */,
				5774A6072C294B580087C34D /* FiveStarRatingView.swift */,
				5774A6052C294A130087C34D /* FiveStarRatingView.xib */,
				CE3FD75A2C367ACE00FA482D /* CircleProgressBar.swift */,
				57084E0D2C35CE400033025F /* Gradient.swift */,
			);
			path = General;
			sourceTree = "<group>";
		};
		5774A6112C2ADA980087C34D /* ViewModels */ = {
			isa = PBXGroup;
			children = (
				5774A6142C2AE92E0087C34D /* HomeViewModel.swift */,
				5774A6122C2ADAB30087C34D /* DiscoverViewModel.swift */,
				5774A6392C32980C0087C34D /* InterestsViewModel.swift */,
				57B283622C37DC4C0001D492 /* ProductDetailViewModel.swift */,
			);
			path = ViewModels;
			sourceTree = "<group>";
		};
		5774A6192C2C006B0087C34D /* Extensions */ = {
			isa = PBXGroup;
			children = (
				5774A61A2C2C00A90087C34D /* Extensions.swift */,
			);
			path = Extensions;
			sourceTree = "<group>";
		};
		5774A61C2C2C00DB0087C34D /* Constants */ = {
			isa = PBXGroup;
			children = (
				5774A61D2C2C00F00087C34D /* Constants.swift */,
			);
			path = Constants;
			sourceTree = "<group>";
		};
		57B0EA902C19B733008811BC = {
			isa = PBXGroup;
			children = (
				57B0EA9B2C19B733008811BC /* AuctionMania */,
				57B0EAB52C19B737008811BC /* AuctionManiaTests */,
				57B0EABF2C19B737008811BC /* AuctionManiaUITests */,
				57B0EA9A2C19B733008811BC /* Products */,
			);
			sourceTree = "<group>";
		};
		57B0EA9A2C19B733008811BC /* Products */ = {
			isa = PBXGroup;
			children = (
				57B0EA992C19B733008811BC /* AuctionMania.app */,
				57B0EAB22C19B737008811BC /* AuctionManiaTests.xctest */,
				57B0EABC2C19B737008811BC /* AuctionManiaUITests.xctest */,
			);
			name = Products;
			sourceTree = "<group>";
		};
		57B0EA9B2C19B733008811BC /* AuctionMania */ = {
			isa = PBXGroup;
			children = (
				57B0EA9C2C19B733008811BC /* AppDelegate.swift */,
				57B0EA9E2C19B733008811BC /* SceneDelegate.swift */,
				5774A5F62C255A540087C34D /* Managers */,
				5774A6192C2C006B0087C34D /* Extensions */,
				5774A61C2C2C00DB0087C34D /* Constants */,
				57B0EACF2C19BBC4008811BC /* Home */,
				57B0EAD02C19BBCD008811BC /* Discover */,
				57B0EAD22C19BBE1008811BC /* Interests */,
				57B0EAD32C19BBEB008811BC /* Profile */,
				5774A6042C2949C30087C34D /* General */,
				5774A6112C2ADA980087C34D /* ViewModels */,
				57B0EADC2C1ABF3D008811BC /* Models */,
				57B0EAA22C19B733008811BC /* Main.storyboard */,
				5774A5F42C244AEE0087C34D /* TabBarController.swift */,
				5791B31C2C3BCCE200D7BEAD /* CustomTabBar.swift */,
				57B0EAA82C19B736008811BC /* Assets.xcassets */,
				57B0EAAA2C19B736008811BC /* LaunchScreen.storyboard */,
				57B0EAAD2C19B736008811BC /* Info.plist */,
				57B0EAA52C19B733008811BC /* AuctionMania.xcdatamodeld */,
			);
			path = AuctionMania;
			sourceTree = "<group>";
		};
		57B0EAB52C19B737008811BC /* AuctionManiaTests */ = {
			isa = PBXGroup;
			children = (
				57B0EAB62C19B737008811BC /* AuctionManiaTests.swift */,
			);
			path = AuctionManiaTests;
			sourceTree = "<group>";
		};
		57B0EABF2C19B737008811BC /* AuctionManiaUITests */ = {
			isa = PBXGroup;
			children = (
				57B0EAC02C19B737008811BC /* AuctionManiaUITests.swift */,
				57B0EAC22C19B737008811BC /* AuctionManiaUITestsLaunchTests.swift */,
			);
			path = AuctionManiaUITests;
			sourceTree = "<group>";
		};
		57B0EACF2C19BBC4008811BC /* Home */ = {
			isa = PBXGroup;
			children = (
				57B0EAD42C19BC81008811BC /* HomeViewController.swift */,
				57019C1B2C1AE504001987A9 /* BigTableViewCell.swift */,
				57019C1C2C1AE504001987A9 /* BigTableViewCell.xib */,
				57019C232C1C2E8F001987A9 /* HomeTableHeader.swift */,
				5791B3222C3C18C000D7BEAD /* HomeTableHeaderType2.swift */,
				5791B3242C3C18DC00D7BEAD /* HomeTableHeaderType2.xib */,
				5791B3262C3C192100D7BEAD /* HomeTableHeaderType3.swift */,
				5791B3282C3C194000D7BEAD /* HomeTableHeaderType3.xib */,
				57019C252C2413B7001987A9 /* HomeTableFooter.swift */,
				5774A5F22C241A840087C34D /* HomeTableFooter.xib */,
			);
			path = Home;
			sourceTree = "<group>";
		};
		57B0EAD02C19BBCD008811BC /* Discover */ = {
			isa = PBXGroup;
			children = (
				57B0EAD62C19BE0F008811BC /* DiscoverViewController.swift */,
				5774A6212C2C20490087C34D /* DiscoverTableHeader.swift */,
				5774A61F2C2C1F4C0087C34D /* DiscoverTableHeader.xib */,
				5774A6272C2C2B440087C34D /* DiscoverTableHeaderCell.swift */,
				5774A6282C2C2B440087C34D /* DiscoverTableHeaderCell.xib */,
				5774A62B2C2D6B3F0087C34D /* DiscoverTableHeaderSmallCell.swift */,
				5774A62C2C2D6B3F0087C34D /* DiscoverTableHeaderSmallCell.xib */,
				5774A6092C2956400087C34D /* SmallTableCell.swift */,
				5774A60A2C2956400087C34D /* SmallTableCell.xib */,
				5774A60F2C2974A70087C34D /* SmallTableCellView.swift */,
				5774A60D2C2973EA0087C34D /* SmallTableCellView.xib */,
				5774A6312C2E9AFB0087C34D /* FillerViewForHiddenCollection.swift */,
				5774A62F2C2E986A0087C34D /* FillerViewForHiddenCollection.xib */,
				5774A6352C2ECB640087C34D /* ResultsViewController.swift */,
				5774A6362C2ECB640087C34D /* ResultsViewController.xib */,
			);
			path = Discover;
			sourceTree = "<group>";
		};
		57B0EAD22C19BBE1008811BC /* Interests */ = {
			isa = PBXGroup;
			children = (
				57B0EAD82C19BE3E008811BC /* InterestsViewController.swift */,
				57B283642C382C580001D492 /* NoResultView.swift */,
			);
			path = Interests;
			sourceTree = "<group>";
		};
		57B0EAD32C19BBEB008811BC /* Profile */ = {
			isa = PBXGroup;
			children = (
				57B0EADA2C19BE5D008811BC /* ProfileViewController.swift */,
				5791B3142C3B0C3300D7BEAD /* ProfileTableHeader.swift */,
				5791B3162C3B0C4900D7BEAD /* ProfileTableHeader.xib */,
			);
			path = Profile;
			sourceTree = "<group>";
		};
		57B0EADC2C1ABF3D008811BC /* Models */ = {
			isa = PBXGroup;
			children = (
				5774A5F92C255C090087C34D /* FakeStoreModel.swift */,
				5774A63F2C32C6050087C34D /* Interest+CoreDataClass.swift */,
				5774A6402C32C6050087C34D /* Interest+CoreDataProperties.swift */,
			);
			path = Models;
			sourceTree = "<group>";
		};
/* End PBXGroup section */

/* Begin PBXNativeTarget section */
		57B0EA982C19B733008811BC /* AuctionMania */ = {
			isa = PBXNativeTarget;
			buildConfigurationList = 57B0EAC62C19B737008811BC /* Build configuration list for PBXNativeTarget "AuctionMania" */;
			buildPhases = (
				57B0EA952C19B733008811BC /* Sources */,
				57B0EA962C19B733008811BC /* Frameworks */,
				57B0EA972C19B733008811BC /* Resources */,
			);
			buildRules = (
			);
			dependencies = (
			);
			name = AuctionMania;
			packageProductDependencies = (
				5774A5FC2C25844B0087C34D /* SDWebImage */,
				5774A5FE2C25844B0087C34D /* SDWebImageMapKit */,
				5774A6172C2AFA3B0087C34D /* JGProgressHUD */,
			);
			productName = AuctionMania;
			productReference = 57B0EA992C19B733008811BC /* AuctionMania.app */;
			productType = "com.apple.product-type.application";
		};
		57B0EAB12C19B737008811BC /* AuctionManiaTests */ = {
			isa = PBXNativeTarget;
			buildConfigurationList = 57B0EAC92C19B737008811BC /* Build configuration list for PBXNativeTarget "AuctionManiaTests" */;
			buildPhases = (
				57B0EAAE2C19B737008811BC /* Sources */,
				57B0EAAF2C19B737008811BC /* Frameworks */,
				57B0EAB02C19B737008811BC /* Resources */,
			);
			buildRules = (
			);
			dependencies = (
				57B0EAB42C19B737008811BC /* PBXTargetDependency */,
			);
			name = AuctionManiaTests;
			productName = AuctionManiaTests;
			productReference = 57B0EAB22C19B737008811BC /* AuctionManiaTests.xctest */;
			productType = "com.apple.product-type.bundle.unit-test";
		};
		57B0EABB2C19B737008811BC /* AuctionManiaUITests */ = {
			isa = PBXNativeTarget;
			buildConfigurationList = 57B0EACC2C19B737008811BC /* Build configuration list for PBXNativeTarget "AuctionManiaUITests" */;
			buildPhases = (
				57B0EAB82C19B737008811BC /* Sources */,
				57B0EAB92C19B737008811BC /* Frameworks */,
				57B0EABA2C19B737008811BC /* Resources */,
			);
			buildRules = (
			);
			dependencies = (
				57B0EABE2C19B737008811BC /* PBXTargetDependency */,
			);
			name = AuctionManiaUITests;
			productName = AuctionManiaUITests;
			productReference = 57B0EABC2C19B737008811BC /* AuctionManiaUITests.xctest */;
			productType = "com.apple.product-type.bundle.ui-testing";
		};
/* End PBXNativeTarget section */

/* Begin PBXProject section */
		57B0EA912C19B733008811BC /* Project object */ = {
			isa = PBXProject;
			attributes = {
				BuildIndependentTargetsInParallel = 1;
				LastSwiftUpdateCheck = 1530;
				LastUpgradeCheck = 1530;
				TargetAttributes = {
					57B0EA982C19B733008811BC = {
						CreatedOnToolsVersion = 15.3;
					};
					57B0EAB12C19B737008811BC = {
						CreatedOnToolsVersion = 15.3;
						TestTargetID = 57B0EA982C19B733008811BC;
					};
					57B0EABB2C19B737008811BC = {
						CreatedOnToolsVersion = 15.3;
						TestTargetID = 57B0EA982C19B733008811BC;
					};
				};
			};
			buildConfigurationList = 57B0EA942C19B733008811BC /* Build configuration list for PBXProject "AuctionMania" */;
			compatibilityVersion = "Xcode 14.0";
			developmentRegion = en;
			hasScannedForEncodings = 0;
			knownRegions = (
				en,
				Base,
			);
			mainGroup = 57B0EA902C19B733008811BC;
			packageReferences = (
				5774A5FB2C257F190087C34D /* XCRemoteSwiftPackageReference "SDWebImage" */,
				5774A6162C2AFA3A0087C34D /* XCRemoteSwiftPackageReference "JGProgressHUD" */,
			);
			productRefGroup = 57B0EA9A2C19B733008811BC /* Products */;
			projectDirPath = "";
			projectRoot = "";
			targets = (
				57B0EA982C19B733008811BC /* AuctionMania */,
				57B0EAB12C19B737008811BC /* AuctionManiaTests */,
				57B0EABB2C19B737008811BC /* AuctionManiaUITests */,
			);
		};
/* End PBXProject section */

/* Begin PBXResourcesBuildPhase section */
		57B0EA972C19B733008811BC /* Resources */ = {
			isa = PBXResourcesBuildPhase;
			buildActionMask = 2147483647;
			files = (
				57B0EAA92C19B736008811BC /* Assets.xcassets in Resources */,
				5774A6202C2C1F4D0087C34D /* DiscoverTableHeader.xib in Resources */,
				5791B3292C3C194000D7BEAD /* HomeTableHeaderType3.xib in Resources */,
				5774A6062C294A130087C34D /* FiveStarRatingView.xib in Resources */,
				57084E0B2C35B8C30033025F /* ProductDetailViewController.xib in Resources */,
				5774A62E2C2D6B3F0087C34D /* DiscoverTableHeaderSmallCell.xib in Resources */,
				5774A6382C2ECB640087C34D /* ResultsViewController.xib in Resources */,
				5791B3172C3B0C4900D7BEAD /* ProfileTableHeader.xib in Resources */,
				57B0EAAC2C19B736008811BC /* Base in Resources */,
				5774A60E2C2973EA0087C34D /* SmallTableCellView.xib in Resources */,
				5774A5F32C241A840087C34D /* HomeTableFooter.xib in Resources */,
				5774A60C2C2956400087C34D /* SmallTableCell.xib in Resources */,
				57019C1E2C1AE504001987A9 /* BigTableViewCell.xib in Resources */,
				5774A62A2C2C2B440087C34D /* DiscoverTableHeaderCell.xib in Resources */,
				5774A6302C2E986B0087C34D /* FillerViewForHiddenCollection.xib in Resources */,
				57B0EAA42C19B733008811BC /* Base in Resources */,
				5791B3252C3C18DC00D7BEAD /* HomeTableHeaderType2.xib in Resources */,
				5791B3202C3BE33F00D7BEAD /* PlaceBidController.xib in Resources */,
			);
			runOnlyForDeploymentPostprocessing = 0;
		};
		57B0EAB02C19B737008811BC /* Resources */ = {
			isa = PBXResourcesBuildPhase;
			buildActionMask = 2147483647;
			files = (
			);
			runOnlyForDeploymentPostprocessing = 0;
		};
		57B0EABA2C19B737008811BC /* Resources */ = {
			isa = PBXResourcesBuildPhase;
			buildActionMask = 2147483647;
			files = (
			);
			runOnlyForDeploymentPostprocessing = 0;
		};
/* End PBXResourcesBuildPhase section */

/* Begin PBXSourcesBuildPhase section */
		57B0EA952C19B733008811BC /* Sources */ = {
			isa = PBXSourcesBuildPhase;
			buildActionMask = 2147483647;
			files = (
				5774A60B2C2956400087C34D /* SmallTableCell.swift in Sources */,
				5774A6152C2AE92E0087C34D /* HomeViewModel.swift in Sources */,
				57019C242C1C2E8F001987A9 /* HomeTableHeader.swift in Sources */,
				57B0EAD52C19BC81008811BC /* HomeViewController.swift in Sources */,
				5774A5F52C244AEF0087C34D /* TabBarController.swift in Sources */,
				57084E0E2C35CE400033025F /* Gradient.swift in Sources */,
				57B0EA9D2C19B733008811BC /* AppDelegate.swift in Sources */,
				57B283652C382C590001D492 /* NoResultView.swift in Sources */,
				5774A62D2C2D6B3F0087C34D /* DiscoverTableHeaderSmallCell.swift in Sources */,
				57B0EAD72C19BE0F008811BC /* DiscoverViewController.swift in Sources */,
				5791B3232C3C18C000D7BEAD /* HomeTableHeaderType2.swift in Sources */,
				57B0EAA72C19B733008811BC /* AuctionMania.xcdatamodeld in Sources */,
				5791B3212C3BE33F00D7BEAD /* PlaceBidController.swift in Sources */,
				57B0EA9F2C19B733008811BC /* SceneDelegate.swift in Sources */,
				57019C262C2413B7001987A9 /* HomeTableFooter.swift in Sources */,
				57B0EADB2C19BE5D008811BC /* ProfileViewController.swift in Sources */,
				57019C1D2C1AE504001987A9 /* BigTableViewCell.swift in Sources */,
				57084E0C2C35B8C30033025F /* ProductDetailViewController.swift in Sources */,
				5791B31D2C3BCCE300D7BEAD /* CustomTabBar.swift in Sources */,
				57B0EAD92C19BE3E008811BC /* InterestsViewController.swift in Sources */,
				5791B3152C3B0C3300D7BEAD /* ProfileTableHeader.swift in Sources */,
				5774A6322C2E9AFB0087C34D /* FillerViewForHiddenCollection.swift in Sources */,
				5774A6082C294B580087C34D /* FiveStarRatingView.swift in Sources */,
				5774A5F82C255A6D0087C34D /* API_Caller.swift in Sources */,
				5774A61E2C2C00F00087C34D /* Constants.swift in Sources */,
				5774A6412C32C6050087C34D /* Interest+CoreDataClass.swift in Sources */,
				5791B3272C3C192100D7BEAD /* HomeTableHeaderType3.swift in Sources */,
				5774A6422C32C6050087C34D /* Interest+CoreDataProperties.swift in Sources */,
				5774A6372C2ECB640087C34D /* ResultsViewController.swift in Sources */,
				57B283632C37DC4C0001D492 /* ProductDetailViewModel.swift in Sources */,
				5774A5FA2C255C090087C34D /* FakeStoreModel.swift in Sources */,
				5774A63A2C32980C0087C34D /* InterestsViewModel.swift in Sources */,
				5774A6102C2974A70087C34D /* SmallTableCellView.swift in Sources */,
				5774A6292C2C2B440087C34D /* DiscoverTableHeaderCell.swift in Sources */,
				CE3FD75B2C367ACE00FA482D /* CircleProgressBar.swift in Sources */,
				5774A6132C2ADAB40087C34D /* DiscoverViewModel.swift in Sources */,
				5774A61B2C2C00A90087C34D /* Extensions.swift in Sources */,
				5774A6222C2C20490087C34D /* DiscoverTableHeader.swift in Sources */,
			);
			runOnlyForDeploymentPostprocessing = 0;
		};
		57B0EAAE2C19B737008811BC /* Sources */ = {
			isa = PBXSourcesBuildPhase;
			buildActionMask = 2147483647;
			files = (
				57B0EAB72C19B737008811BC /* AuctionManiaTests.swift in Sources */,
			);
			runOnlyForDeploymentPostprocessing = 0;
		};
		57B0EAB82C19B737008811BC /* Sources */ = {
			isa = PBXSourcesBuildPhase;
			buildActionMask = 2147483647;
			files = (
				57B0EAC12C19B737008811BC /* AuctionManiaUITests.swift in Sources */,
				57B0EAC32C19B737008811BC /* AuctionManiaUITestsLaunchTests.swift in Sources */,
			);
			runOnlyForDeploymentPostprocessing = 0;
		};
/* End PBXSourcesBuildPhase section */

/* Begin PBXTargetDependency section */
		57B0EAB42C19B737008811BC /* PBXTargetDependency */ = {
			isa = PBXTargetDependency;
			target = 57B0EA982C19B733008811BC /* AuctionMania */;
			targetProxy = 57B0EAB32C19B737008811BC /* PBXContainerItemProxy */;
		};
		57B0EABE2C19B737008811BC /* PBXTargetDependency */ = {
			isa = PBXTargetDependency;
			target = 57B0EA982C19B733008811BC /* AuctionMania */;
			targetProxy = 57B0EABD2C19B737008811BC /* PBXContainerItemProxy */;
		};
/* End PBXTargetDependency section */

/* Begin PBXVariantGroup section */
		57B0EAA22C19B733008811BC /* Main.storyboard */ = {
			isa = PBXVariantGroup;
			children = (
				57B0EAA32C19B733008811BC /* Base */,
			);
			name = Main.storyboard;
			sourceTree = "<group>";
		};
		57B0EAAA2C19B736008811BC /* LaunchScreen.storyboard */ = {
			isa = PBXVariantGroup;
			children = (
				57B0EAAB2C19B736008811BC /* Base */,
			);
			name = LaunchScreen.storyboard;
			sourceTree = "<group>";
		};
/* End PBXVariantGroup section */

/* Begin XCBuildConfiguration section */
		57B0EAC42C19B737008811BC /* Debug */ = {
			isa = XCBuildConfiguration;
			buildSettings = {
				ALWAYS_SEARCH_USER_PATHS = NO;
				ASSETCATALOG_COMPILER_GENERATE_SWIFT_ASSET_SYMBOL_EXTENSIONS = YES;
				CLANG_ANALYZER_NONNULL = YES;
				CLANG_ANALYZER_NUMBER_OBJECT_CONVERSION = YES_AGGRESSIVE;
				CLANG_CXX_LANGUAGE_STANDARD = "gnu++20";
				CLANG_ENABLE_MODULES = YES;
				CLANG_ENABLE_OBJC_ARC = YES;
				CLANG_ENABLE_OBJC_WEAK = YES;
				CLANG_WARN_BLOCK_CAPTURE_AUTORELEASING = YES;
				CLANG_WARN_BOOL_CONVERSION = YES;
				CLANG_WARN_COMMA = YES;
				CLANG_WARN_CONSTANT_CONVERSION = YES;
				CLANG_WARN_DEPRECATED_OBJC_IMPLEMENTATIONS = YES;
				CLANG_WARN_DIRECT_OBJC_ISA_USAGE = YES_ERROR;
				CLANG_WARN_DOCUMENTATION_COMMENTS = YES;
				CLANG_WARN_EMPTY_BODY = YES;
				CLANG_WARN_ENUM_CONVERSION = YES;
				CLANG_WARN_INFINITE_RECURSION = YES;
				CLANG_WARN_INT_CONVERSION = YES;
				CLANG_WARN_NON_LITERAL_NULL_CONVERSION = YES;
				CLANG_WARN_OBJC_IMPLICIT_RETAIN_SELF = YES;
				CLANG_WARN_OBJC_LITERAL_CONVERSION = YES;
				CLANG_WARN_OBJC_ROOT_CLASS = YES_ERROR;
				CLANG_WARN_QUOTED_INCLUDE_IN_FRAMEWORK_HEADER = YES;
				CLANG_WARN_RANGE_LOOP_ANALYSIS = YES;
				CLANG_WARN_STRICT_PROTOTYPES = YES;
				CLANG_WARN_SUSPICIOUS_MOVE = YES;
				CLANG_WARN_UNGUARDED_AVAILABILITY = YES_AGGRESSIVE;
				CLANG_WARN_UNREACHABLE_CODE = YES;
				CLANG_WARN__DUPLICATE_METHOD_MATCH = YES;
				COPY_PHASE_STRIP = NO;
				DEBUG_INFORMATION_FORMAT = dwarf;
				ENABLE_STRICT_OBJC_MSGSEND = YES;
				ENABLE_TESTABILITY = YES;
				ENABLE_USER_SCRIPT_SANDBOXING = YES;
				GCC_C_LANGUAGE_STANDARD = gnu17;
				GCC_DYNAMIC_NO_PIC = NO;
				GCC_NO_COMMON_BLOCKS = YES;
				GCC_OPTIMIZATION_LEVEL = 0;
				GCC_PREPROCESSOR_DEFINITIONS = (
					"DEBUG=1",
					"$(inherited)",
				);
				GCC_WARN_64_TO_32_BIT_CONVERSION = YES;
				GCC_WARN_ABOUT_RETURN_TYPE = YES_ERROR;
				GCC_WARN_UNDECLARED_SELECTOR = YES;
				GCC_WARN_UNINITIALIZED_AUTOS = YES_AGGRESSIVE;
				GCC_WARN_UNUSED_FUNCTION = YES;
				GCC_WARN_UNUSED_VARIABLE = YES;
				IPHONEOS_DEPLOYMENT_TARGET = 17.4;
				LOCALIZATION_PREFERS_STRING_CATALOGS = YES;
				MTL_ENABLE_DEBUG_INFO = INCLUDE_SOURCE;
				MTL_FAST_MATH = YES;
				ONLY_ACTIVE_ARCH = YES;
				SDKROOT = iphoneos;
				SWIFT_ACTIVE_COMPILATION_CONDITIONS = "DEBUG $(inherited)";
				SWIFT_OPTIMIZATION_LEVEL = "-Onone";
			};
			name = Debug;
		};
		57B0EAC52C19B737008811BC /* Release */ = {
			isa = XCBuildConfiguration;
			buildSettings = {
				ALWAYS_SEARCH_USER_PATHS = NO;
				ASSETCATALOG_COMPILER_GENERATE_SWIFT_ASSET_SYMBOL_EXTENSIONS = YES;
				CLANG_ANALYZER_NONNULL = YES;
				CLANG_ANALYZER_NUMBER_OBJECT_CONVERSION = YES_AGGRESSIVE;
				CLANG_CXX_LANGUAGE_STANDARD = "gnu++20";
				CLANG_ENABLE_MODULES = YES;
				CLANG_ENABLE_OBJC_ARC = YES;
				CLANG_ENABLE_OBJC_WEAK = YES;
				CLANG_WARN_BLOCK_CAPTURE_AUTORELEASING = YES;
				CLANG_WARN_BOOL_CONVERSION = YES;
				CLANG_WARN_COMMA = YES;
				CLANG_WARN_CONSTANT_CONVERSION = YES;
				CLANG_WARN_DEPRECATED_OBJC_IMPLEMENTATIONS = YES;
				CLANG_WARN_DIRECT_OBJC_ISA_USAGE = YES_ERROR;
				CLANG_WARN_DOCUMENTATION_COMMENTS = YES;
				CLANG_WARN_EMPTY_BODY = YES;
				CLANG_WARN_ENUM_CONVERSION = YES;
				CLANG_WARN_INFINITE_RECURSION = YES;
				CLANG_WARN_INT_CONVERSION = YES;
				CLANG_WARN_NON_LITERAL_NULL_CONVERSION = YES;
				CLANG_WARN_OBJC_IMPLICIT_RETAIN_SELF = YES;
				CLANG_WARN_OBJC_LITERAL_CONVERSION = YES;
				CLANG_WARN_OBJC_ROOT_CLASS = YES_ERROR;
				CLANG_WARN_QUOTED_INCLUDE_IN_FRAMEWORK_HEADER = YES;
				CLANG_WARN_RANGE_LOOP_ANALYSIS = YES;
				CLANG_WARN_STRICT_PROTOTYPES = YES;
				CLANG_WARN_SUSPICIOUS_MOVE = YES;
				CLANG_WARN_UNGUARDED_AVAILABILITY = YES_AGGRESSIVE;
				CLANG_WARN_UNREACHABLE_CODE = YES;
				CLANG_WARN__DUPLICATE_METHOD_MATCH = YES;
				COPY_PHASE_STRIP = NO;
				DEBUG_INFORMATION_FORMAT = "dwarf-with-dsym";
				ENABLE_NS_ASSERTIONS = NO;
				ENABLE_STRICT_OBJC_MSGSEND = YES;
				ENABLE_USER_SCRIPT_SANDBOXING = YES;
				GCC_C_LANGUAGE_STANDARD = gnu17;
				GCC_NO_COMMON_BLOCKS = YES;
				GCC_WARN_64_TO_32_BIT_CONVERSION = YES;
				GCC_WARN_ABOUT_RETURN_TYPE = YES_ERROR;
				GCC_WARN_UNDECLARED_SELECTOR = YES;
				GCC_WARN_UNINITIALIZED_AUTOS = YES_AGGRESSIVE;
				GCC_WARN_UNUSED_FUNCTION = YES;
				GCC_WARN_UNUSED_VARIABLE = YES;
				IPHONEOS_DEPLOYMENT_TARGET = 17.4;
				LOCALIZATION_PREFERS_STRING_CATALOGS = YES;
				MTL_ENABLE_DEBUG_INFO = NO;
				MTL_FAST_MATH = YES;
				SDKROOT = iphoneos;
				SWIFT_COMPILATION_MODE = wholemodule;
				VALIDATE_PRODUCT = YES;
			};
			name = Release;
		};
		57B0EAC72C19B737008811BC /* Debug */ = {
			isa = XCBuildConfiguration;
			buildSettings = {
				ASSETCATALOG_COMPILER_APPICON_NAME = AppIcon;
				ASSETCATALOG_COMPILER_GLOBAL_ACCENT_COLOR_NAME = AccentColor;
				CODE_SIGN_STYLE = Automatic;
				CURRENT_PROJECT_VERSION = 1;
				GENERATE_INFOPLIST_FILE = YES;
				INFOPLIST_FILE = AuctionMania/Info.plist;
				INFOPLIST_KEY_UIApplicationSupportsIndirectInputEvents = YES;
				INFOPLIST_KEY_UILaunchStoryboardName = LaunchScreen;
				INFOPLIST_KEY_UIMainStoryboardFile = Main;
				INFOPLIST_KEY_UISupportedInterfaceOrientations_iPad = "UIInterfaceOrientationPortrait UIInterfaceOrientationPortraitUpsideDown UIInterfaceOrientationLandscapeLeft UIInterfaceOrientationLandscapeRight";
				INFOPLIST_KEY_UISupportedInterfaceOrientations_iPhone = "UIInterfaceOrientationPortrait UIInterfaceOrientationLandscapeLeft UIInterfaceOrientationLandscapeRight";
				LD_RUNPATH_SEARCH_PATHS = (
					"$(inherited)",
					"@executable_path/Frameworks",
				);
				MARKETING_VERSION = 1.0;
				PRODUCT_BUNDLE_IDENTIFIER = ahmedliaqatff.AuctionMania;
				PRODUCT_NAME = "$(TARGET_NAME)";
				SWIFT_EMIT_LOC_STRINGS = YES;
				SWIFT_VERSION = 5.0;
				TARGETED_DEVICE_FAMILY = "1,2";
			};
			name = Debug;
		};
		57B0EAC82C19B737008811BC /* Release */ = {
			isa = XCBuildConfiguration;
			buildSettings = {
				ASSETCATALOG_COMPILER_APPICON_NAME = AppIcon;
				ASSETCATALOG_COMPILER_GLOBAL_ACCENT_COLOR_NAME = AccentColor;
				CODE_SIGN_STYLE = Automatic;
				CURRENT_PROJECT_VERSION = 1;
				GENERATE_INFOPLIST_FILE = YES;
				INFOPLIST_FILE = AuctionMania/Info.plist;
				INFOPLIST_KEY_UIApplicationSupportsIndirectInputEvents = YES;
				INFOPLIST_KEY_UILaunchStoryboardName = LaunchScreen;
				INFOPLIST_KEY_UIMainStoryboardFile = Main;
				INFOPLIST_KEY_UISupportedInterfaceOrientations_iPad = "UIInterfaceOrientationPortrait UIInterfaceOrientationPortraitUpsideDown UIInterfaceOrientationLandscapeLeft UIInterfaceOrientationLandscapeRight";
				INFOPLIST_KEY_UISupportedInterfaceOrientations_iPhone = "UIInterfaceOrientationPortrait UIInterfaceOrientationLandscapeLeft UIInterfaceOrientationLandscapeRight";
				LD_RUNPATH_SEARCH_PATHS = (
					"$(inherited)",
					"@executable_path/Frameworks",
				);
				MARKETING_VERSION = 1.0;
				PRODUCT_BUNDLE_IDENTIFIER = ahmedliaqatff.AuctionMania;
				PRODUCT_NAME = "$(TARGET_NAME)";
				SWIFT_EMIT_LOC_STRINGS = YES;
				SWIFT_VERSION = 5.0;
				TARGETED_DEVICE_FAMILY = "1,2";
			};
			name = Release;
		};
		57B0EACA2C19B737008811BC /* Debug */ = {
			isa = XCBuildConfiguration;
			buildSettings = {
				ALWAYS_EMBED_SWIFT_STANDARD_LIBRARIES = YES;
				BUNDLE_LOADER = "$(TEST_HOST)";
				CODE_SIGN_STYLE = Automatic;
				CURRENT_PROJECT_VERSION = 1;
				GENERATE_INFOPLIST_FILE = YES;
				IPHONEOS_DEPLOYMENT_TARGET = 17.4;
				MARKETING_VERSION = 1.0;
				PRODUCT_BUNDLE_IDENTIFIER = ahmedliaqatff.AuctionManiaTests;
				PRODUCT_NAME = "$(TARGET_NAME)";
				SWIFT_EMIT_LOC_STRINGS = NO;
				SWIFT_VERSION = 5.0;
				TARGETED_DEVICE_FAMILY = "1,2";
				TEST_HOST = "$(BUILT_PRODUCTS_DIR)/AuctionMania.app/$(BUNDLE_EXECUTABLE_FOLDER_PATH)/AuctionMania";
			};
			name = Debug;
		};
		57B0EACB2C19B737008811BC /* Release */ = {
			isa = XCBuildConfiguration;
			buildSettings = {
				ALWAYS_EMBED_SWIFT_STANDARD_LIBRARIES = YES;
				BUNDLE_LOADER = "$(TEST_HOST)";
				CODE_SIGN_STYLE = Automatic;
				CURRENT_PROJECT_VERSION = 1;
				GENERATE_INFOPLIST_FILE = YES;
				IPHONEOS_DEPLOYMENT_TARGET = 17.4;
				MARKETING_VERSION = 1.0;
				PRODUCT_BUNDLE_IDENTIFIER = ahmedliaqatff.AuctionManiaTests;
				PRODUCT_NAME = "$(TARGET_NAME)";
				SWIFT_EMIT_LOC_STRINGS = NO;
				SWIFT_VERSION = 5.0;
				TARGETED_DEVICE_FAMILY = "1,2";
				TEST_HOST = "$(BUILT_PRODUCTS_DIR)/AuctionMania.app/$(BUNDLE_EXECUTABLE_FOLDER_PATH)/AuctionMania";
			};
			name = Release;
		};
		57B0EACD2C19B737008811BC /* Debug */ = {
			isa = XCBuildConfiguration;
			buildSettings = {
				ALWAYS_EMBED_SWIFT_STANDARD_LIBRARIES = YES;
				CODE_SIGN_STYLE = Automatic;
				CURRENT_PROJECT_VERSION = 1;
				GENERATE_INFOPLIST_FILE = YES;
				MARKETING_VERSION = 1.0;
				PRODUCT_BUNDLE_IDENTIFIER = ahmedliaqatff.AuctionManiaUITests;
				PRODUCT_NAME = "$(TARGET_NAME)";
				SWIFT_EMIT_LOC_STRINGS = NO;
				SWIFT_VERSION = 5.0;
				TARGETED_DEVICE_FAMILY = "1,2";
				TEST_TARGET_NAME = AuctionMania;
			};
			name = Debug;
		};
		57B0EACE2C19B737008811BC /* Release */ = {
			isa = XCBuildConfiguration;
			buildSettings = {
				ALWAYS_EMBED_SWIFT_STANDARD_LIBRARIES = YES;
				CODE_SIGN_STYLE = Automatic;
				CURRENT_PROJECT_VERSION = 1;
				GENERATE_INFOPLIST_FILE = YES;
				MARKETING_VERSION = 1.0;
				PRODUCT_BUNDLE_IDENTIFIER = ahmedliaqatff.AuctionManiaUITests;
				PRODUCT_NAME = "$(TARGET_NAME)";
				SWIFT_EMIT_LOC_STRINGS = NO;
				SWIFT_VERSION = 5.0;
				TARGETED_DEVICE_FAMILY = "1,2";
				TEST_TARGET_NAME = AuctionMania;
			};
			name = Release;
		};
/* End XCBuildConfiguration section */

/* Begin XCConfigurationList section */
		57B0EA942C19B733008811BC /* Build configuration list for PBXProject "AuctionMania" */ = {
			isa = XCConfigurationList;
			buildConfigurations = (
				57B0EAC42C19B737008811BC /* Debug */,
				57B0EAC52C19B737008811BC /* Release */,
			);
			defaultConfigurationIsVisible = 0;
			defaultConfigurationName = Release;
		};
		57B0EAC62C19B737008811BC /* Build configuration list for PBXNativeTarget "AuctionMania" */ = {
			isa = XCConfigurationList;
			buildConfigurations = (
				57B0EAC72C19B737008811BC /* Debug */,
				57B0EAC82C19B737008811BC /* Release */,
			);
			defaultConfigurationIsVisible = 0;
			defaultConfigurationName = Release;
		};
		57B0EAC92C19B737008811BC /* Build configuration list for PBXNativeTarget "AuctionManiaTests" */ = {
			isa = XCConfigurationList;
			buildConfigurations = (
				57B0EACA2C19B737008811BC /* Debug */,
				57B0EACB2C19B737008811BC /* Release */,
			);
			defaultConfigurationIsVisible = 0;
			defaultConfigurationName = Release;
		};
		57B0EACC2C19B737008811BC /* Build configuration list for PBXNativeTarget "AuctionManiaUITests" */ = {
			isa = XCConfigurationList;
			buildConfigurations = (
				57B0EACD2C19B737008811BC /* Debug */,
				57B0EACE2C19B737008811BC /* Release */,
			);
			defaultConfigurationIsVisible = 0;
			defaultConfigurationName = Release;
		};
/* End XCConfigurationList section */

/* Begin XCRemoteSwiftPackageReference section */
		5774A5FB2C257F190087C34D /* XCRemoteSwiftPackageReference "SDWebImage" */ = {
			isa = XCRemoteSwiftPackageReference;
			repositoryURL = "https://github.com/SDWebImage/SDWebImage.git";
			requirement = {
				kind = upToNextMajorVersion;
				minimumVersion = 5.19.3;
			};
		};
		5774A6162C2AFA3A0087C34D /* XCRemoteSwiftPackageReference "JGProgressHUD" */ = {
			isa = XCRemoteSwiftPackageReference;
			repositoryURL = "https://github.com/JonasGessner/JGProgressHUD.git";
			requirement = {
				kind = upToNextMajorVersion;
				minimumVersion = 2.2.0;
			};
		};
/* End XCRemoteSwiftPackageReference section */

/* Begin XCSwiftPackageProductDependency section */
		5774A5FC2C25844B0087C34D /* SDWebImage */ = {
			isa = XCSwiftPackageProductDependency;
			package = 5774A5FB2C257F190087C34D /* XCRemoteSwiftPackageReference "SDWebImage" */;
			productName = SDWebImage;
		};
		5774A5FE2C25844B0087C34D /* SDWebImageMapKit */ = {
			isa = XCSwiftPackageProductDependency;
			package = 5774A5FB2C257F190087C34D /* XCRemoteSwiftPackageReference "SDWebImage" */;
			productName = SDWebImageMapKit;
		};
		5774A6172C2AFA3B0087C34D /* JGProgressHUD */ = {
			isa = XCSwiftPackageProductDependency;
			package = 5774A6162C2AFA3A0087C34D /* XCRemoteSwiftPackageReference "JGProgressHUD" */;
			productName = JGProgressHUD;
		};
/* End XCSwiftPackageProductDependency section */

/* Begin XCVersionGroup section */
		57B0EAA52C19B733008811BC /* AuctionMania.xcdatamodeld */ = {
			isa = XCVersionGroup;
			children = (
				57B0EAA62C19B733008811BC /* AuctionMania.xcdatamodel */,
			);
			currentVersion = 57B0EAA62C19B733008811BC /* AuctionMania.xcdatamodel */;
			path = AuctionMania.xcdatamodeld;
			sourceTree = "<group>";
			versionGroupType = wrapper.xcdatamodel;
		};
/* End XCVersionGroup section */
	};
	rootObject = 57B0EA912C19B733008811BC /* Project object */;
}
